// !$*UTF8*$!
{
	archiveVersion = 1;
	classes = {
	};
	objectVersion = 46;
	objects = {

/* Begin PBXBuildFile section */
		EA267F101EB60D9E002225CA /* EmulatorManager.m in Sources */ = {isa = PBXBuildFile; fileRef = EA267F041EB60CB9002225CA /* EmulatorManager.m */; };
		EA267F111EB60D9E002225CA /* File.m in Sources */ = {isa = PBXBuildFile; fileRef = EA267F0C1EB60D1D002225CA /* File.m */; };
		EA267F121EB60D9E002225CA /* FileManager.m in Sources */ = {isa = PBXBuildFile; fileRef = EA267F081EB60D12002225CA /* FileManager.m */; };
		EA267F131EB60D9E002225CA /* NSArray+FMTools.m in Sources */ = {isa = PBXBuildFile; fileRef = EA267F0E1EB60D2E002225CA /* NSArray+FMTools.m */; };
		EA267F171EB60E47002225CA /* Emulator.m in Sources */ = {isa = PBXBuildFile; fileRef = EA267F161EB60E47002225CA /* Emulator.m */; };
		EA267F1B1EB60EE1002225CA /* Application.m in Sources */ = {isa = PBXBuildFile; fileRef = EA267F1A1EB60EE1002225CA /* Application.m */; };
		EA486F3D1EB23A21008A8A72 /* main.m in Sources */ = {isa = PBXBuildFile; fileRef = EA486F3C1EB23A21008A8A72 /* main.m */; };
/* End PBXBuildFile section */

/* Begin PBXCopyFilesBuildPhase section */
		EA486F371EB23A21008A8A72 /* CopyFiles */ = {
			isa = PBXCopyFilesBuildPhase;
			buildActionMask = 2147483647;
			dstPath = /usr/share/man/man1/;
			dstSubfolderSpec = 0;
			files = (
			);
			runOnlyForDeploymentPostprocessing = 1;
		};
/* End PBXCopyFilesBuildPhase section */

/* Begin PBXFileReference section */
		EA267F031EB60CB9002225CA /* EmulatorManager.h */ = {isa = PBXFileReference; fileEncoding = 4; lastKnownFileType = sourcecode.c.h; name = EmulatorManager.h; path = "Emulator Manager/EmulatorManager.h"; sourceTree = "<group>"; };
		EA267F041EB60CB9002225CA /* EmulatorManager.m */ = {isa = PBXFileReference; fileEncoding = 4; lastKnownFileType = sourcecode.c.objc; name = EmulatorManager.m; path = "Emulator Manager/EmulatorManager.m"; sourceTree = "<group>"; };
		EA267F071EB60D12002225CA /* FileManager.h */ = {isa = PBXFileReference; fileEncoding = 4; lastKnownFileType = sourcecode.c.h; name = FileManager.h; path = "File Manager/FileManager.h"; sourceTree = "<group>"; };
		EA267F081EB60D12002225CA /* FileManager.m */ = {isa = PBXFileReference; fileEncoding = 4; lastKnownFileType = sourcecode.c.objc; name = FileManager.m; path = "File Manager/FileManager.m"; sourceTree = "<group>"; };
		EA267F0B1EB60D1D002225CA /* File.h */ = {isa = PBXFileReference; lastKnownFileType = sourcecode.c.h; path = File.h; sourceTree = "<group>"; };
		EA267F0C1EB60D1D002225CA /* File.m */ = {isa = PBXFileReference; lastKnownFileType = sourcecode.c.objc; path = File.m; sourceTree = "<group>"; };
		EA267F0D1EB60D2E002225CA /* NSArray+FMTools.h */ = {isa = PBXFileReference; fileEncoding = 4; lastKnownFileType = sourcecode.c.h; name = "NSArray+FMTools.h"; path = "File Manager/Categories/NSArray+FMTools.h"; sourceTree = "<group>"; };
		EA267F0E1EB60D2E002225CA /* NSArray+FMTools.m */ = {isa = PBXFileReference; fileEncoding = 4; lastKnownFileType = sourcecode.c.objc; name = "NSArray+FMTools.m"; path = "File Manager/Categories/NSArray+FMTools.m"; sourceTree = "<group>"; };
		EA267F151EB60E47002225CA /* Emulator.h */ = {isa = PBXFileReference; fileEncoding = 4; lastKnownFileType = sourcecode.c.h; name = Emulator.h; path = "Emulator Manager/Emulator/Emulator.h"; sourceTree = "<group>"; };
		EA267F161EB60E47002225CA /* Emulator.m */ = {isa = PBXFileReference; fileEncoding = 4; lastKnownFileType = sourcecode.c.objc; name = Emulator.m; path = "Emulator Manager/Emulator/Emulator.m"; sourceTree = "<group>"; };
		EA267F191EB60EE1002225CA /* Application.h */ = {isa = PBXFileReference; fileEncoding = 4; lastKnownFileType = sourcecode.c.h; name = Application.h; path = "Emulator Manager/Emulator/App/Application.h"; sourceTree = "<group>"; };
		EA267F1A1EB60EE1002225CA /* Application.m */ = {isa = PBXFileReference; fileEncoding = 4; lastKnownFileType = sourcecode.c.objc; name = Application.m; path = "Emulator Manager/Emulator/App/Application.m"; sourceTree = "<group>"; };
		EA486F391EB23A21008A8A72 /* EmulatorFileManager */ = {isa = PBXFileReference; explicitFileType = "compiled.mach-o.executable"; includeInIndex = 0; path = EmulatorFileManager; sourceTree = BUILT_PRODUCTS_DIR; };
		EA486F3C1EB23A21008A8A72 /* main.m */ = {isa = PBXFileReference; lastKnownFileType = sourcecode.c.objc; path = main.m; sourceTree = "<group>"; };
/* End PBXFileReference section */

/* Begin PBXFrameworksBuildPhase section */
		EA486F361EB23A21008A8A72 /* Frameworks */ = {
			isa = PBXFrameworksBuildPhase;
			buildActionMask = 2147483647;
			files = (
			);
			runOnlyForDeploymentPostprocessing = 0;
		};
/* End PBXFrameworksBuildPhase section */

/* Begin PBXGroup section */
		EA010B9E1EB26134007980BA /* Categories */ = {
			isa = PBXGroup;
			children = (
				EA267F0D1EB60D2E002225CA /* NSArray+FMTools.h */,
				EA267F0E1EB60D2E002225CA /* NSArray+FMTools.m */,
			);
			name = Categories;
			sourceTree = "<group>";
		};
		EA267F021EB60C1D002225CA /* EmulatorManager */ = {
			isa = PBXGroup;
			children = (
				EA267F141EB60E1F002225CA /* Emulator */,
				EA267F031EB60CB9002225CA /* EmulatorManager.h */,
				EA267F041EB60CB9002225CA /* EmulatorManager.m */,
			);
			name = EmulatorManager;
			sourceTree = "<group>";
		};
		EA267F0A1EB60D1D002225CA /* File */ = {
			isa = PBXGroup;
			children = (
				EA267F0B1EB60D1D002225CA /* File.h */,
				EA267F0C1EB60D1D002225CA /* File.m */,
			);
			name = File;
			path = "File Manager/File";
			sourceTree = "<group>";
		};
		EA267F141EB60E1F002225CA /* Emulator */ = {
			isa = PBXGroup;
			children = (
				EA267F181EB60EB2002225CA /* Apps */,
				EA267F151EB60E47002225CA /* Emulator.h */,
				EA267F161EB60E47002225CA /* Emulator.m */,
			);
			name = Emulator;
			sourceTree = "<group>";
		};
		EA267F181EB60EB2002225CA /* Apps */ = {
			isa = PBXGroup;
			children = (
				EA267F191EB60EE1002225CA /* Application.h */,
				EA267F1A1EB60EE1002225CA /* Application.m */,
			);
			name = Apps;
			sourceTree = "<group>";
		};
		EA486F301EB23A21008A8A72 = {
			isa = PBXGroup;
			children = (
				EA486F3B1EB23A21008A8A72 /* EmulatorFileManager */,
				EA486F3A1EB23A21008A8A72 /* Products */,
			);
			sourceTree = "<group>";
		};
		EA486F3A1EB23A21008A8A72 /* Products */ = {
			isa = PBXGroup;
			children = (
				EA486F391EB23A21008A8A72 /* EmulatorFileManager */,
			);
			name = Products;
			sourceTree = "<group>";
		};
		EA486F3B1EB23A21008A8A72 /* EmulatorFileManager */ = {
			isa = PBXGroup;
			children = (
				EA267F021EB60C1D002225CA /* EmulatorManager */,
				EA486F3C1EB23A21008A8A72 /* main.m */,
				EA486F461EB24742008A8A72 /* FileManager */,
			);
			path = EmulatorFileManager;
			sourceTree = "<group>";
		};
		EA486F461EB24742008A8A72 /* FileManager */ = {
			isa = PBXGroup;
			children = (
				EA267F0A1EB60D1D002225CA /* File */,
				EA267F071EB60D12002225CA /* FileManager.h */,
				EA267F081EB60D12002225CA /* FileManager.m */,
				EA010B9E1EB26134007980BA /* Categories */,
			);
			name = FileManager;
			sourceTree = "<group>";
		};
/* End PBXGroup section */

/* Begin PBXNativeTarget section */
		EA486F381EB23A21008A8A72 /* EmulatorFileManager */ = {
			isa = PBXNativeTarget;
			buildConfigurationList = EA486F401EB23A21008A8A72 /* Build configuration list for PBXNativeTarget "EmulatorFileManager" */;
			buildPhases = (
				EA486F351EB23A21008A8A72 /* Sources */,
				EA486F361EB23A21008A8A72 /* Frameworks */,
				EA486F371EB23A21008A8A72 /* CopyFiles */,
			);
			buildRules = (
			);
			dependencies = (
			);
			name = EmulatorFileManager;
			productName = EmulatorFileManager;
			productReference = EA486F391EB23A21008A8A72 /* EmulatorFileManager */;
			productType = "com.apple.product-type.tool";
		};
/* End PBXNativeTarget section */

/* Begin PBXProject section */
		EA486F311EB23A21008A8A72 /* Project object */ = {
			isa = PBXProject;
			attributes = {
				LastUpgradeCheck = 0830;
				ORGANIZATIONNAME = "Jesus Lopez";
				TargetAttributes = {
					EA486F381EB23A21008A8A72 = {
						CreatedOnToolsVersion = 8.3.2;
						DevelopmentTeam = 444HQ2KS6D;
						ProvisioningStyle = Automatic;
					};
				};
			};
			buildConfigurationList = EA486F341EB23A21008A8A72 /* Build configuration list for PBXProject "EmulatorFileManager" */;
			compatibilityVersion = "Xcode 3.2";
			developmentRegion = English;
			hasScannedForEncodings = 0;
			knownRegions = (
				en,
			);
			mainGroup = EA486F301EB23A21008A8A72;
			productRefGroup = EA486F3A1EB23A21008A8A72 /* Products */;
			projectDirPath = "";
			projectRoot = "";
			targets = (
				EA486F381EB23A21008A8A72 /* EmulatorFileManager */,
			);
		};
/* End PBXProject section */

/* Begin PBXSourcesBuildPhase section */
		EA486F351EB23A21008A8A72 /* Sources */ = {
			isa = PBXSourcesBuildPhase;
			buildActionMask = 2147483647;
			files = (
				EA267F171EB60E47002225CA /* Emulator.m in Sources */,
				EA267F101EB60D9E002225CA /* EmulatorManager.m in Sources */,
				EA267F1B1EB60EE1002225CA /* Application.m in Sources */,
				EA267F111EB60D9E002225CA /* File.m in Sources */,
				EA267F121EB60D9E002225CA /* FileManager.m in Sources */,
				EA267F131EB60D9E002225CA /* NSArray+FMTools.m in Sources */,
				EA486F3D1EB23A21008A8A72 /* main.m in Sources */,
			);
			runOnlyForDeploymentPostprocessing = 0;
		};
/* End PBXSourcesBuildPhase section */

/* Begin XCBuildConfiguration section */
		EA486F3E1EB23A21008A8A72 /* Debug */ = {
			isa = XCBuildConfiguration;
			buildSettings = {
				ALWAYS_SEARCH_USER_PATHS = NO;
				CLANG_ANALYZER_NONNULL = YES;
				CLANG_ANALYZER_NUMBER_OBJECT_CONVERSION = YES_AGGRESSIVE;
				CLANG_CXX_LANGUAGE_STANDARD = "gnu++0x";
				CLANG_CXX_LIBRARY = "libc++";
				CLANG_ENABLE_MODULES = YES;
				CLANG_ENABLE_OBJC_ARC = YES;
				CLANG_WARN_BOOL_CONVERSION = YES;
				CLANG_WARN_CONSTANT_CONVERSION = YES;
				CLANG_WARN_DIRECT_OBJC_ISA_USAGE = YES_ERROR;
				CLANG_WARN_DOCUMENTATION_COMMENTS = YES;
				CLANG_WARN_EMPTY_BODY = YES;
				CLANG_WARN_ENUM_CONVERSION = YES;
				CLANG_WARN_INFINITE_RECURSION = YES;
				CLANG_WARN_INT_CONVERSION = YES;
				CLANG_WARN_OBJC_ROOT_CLASS = YES_ERROR;
				CLANG_WARN_SUSPICIOUS_MOVE = YES;
				CLANG_WARN_UNREACHABLE_CODE = YES;
				CLANG_WARN__DUPLICATE_METHOD_MATCH = YES;
				CODE_SIGN_IDENTITY = "-";
				COPY_PHASE_STRIP = NO;
				DEBUG_INFORMATION_FORMAT = dwarf;
				ENABLE_STRICT_OBJC_MSGSEND = YES;
				ENABLE_TESTABILITY = YES;
				GCC_C_LANGUAGE_STANDARD = gnu99;
				GCC_DYNAMIC_NO_PIC = NO;
				GCC_NO_COMMON_BLOCKS = YES;
				GCC_OPTIMIZATION_LEVEL = 0;
				GCC_PREPROCESSOR_DEFINITIONS = (
					"DEBUG=1",
					"$(inherited)",
				);
				GCC_WARN_64_TO_32_BIT_CONVERSION = YES;
				GCC_WARN_ABOUT_RETURN_TYPE = YES_ERROR;
				GCC_WARN_UNDECLARED_SELECTOR = YES;
				GCC_WARN_UNINITIALIZED_AUTOS = YES_AGGRESSIVE;
				GCC_WARN_UNUSED_FUNCTION = YES;
				GCC_WARN_UNUSED_VARIABLE = YES;
				MACOSX_DEPLOYMENT_TARGET = 10.12;
				MTL_ENABLE_DEBUG_INFO = YES;
				ONLY_ACTIVE_ARCH = YES;
				SDKROOT = macosx;
			};
			name = Debug;
		};
		EA486F3F1EB23A21008A8A72 /* Release */ = {
			isa = XCBuildConfiguration;
			buildSettings = {
				ALWAYS_SEARCH_USER_PATHS = NO;
				CLANG_ANALYZER_NONNULL = YES;
				CLANG_ANALYZER_NUMBER_OBJECT_CONVERSION = YES_AGGRESSIVE;
				CLANG_CXX_LANGUAGE_STANDARD = "gnu++0x";
				CLANG_CXX_LIBRARY = "libc++";
				CLANG_ENABLE_MODULES = YES;
				CLANG_ENABLE_OBJC_ARC = YES;
				CLANG_WARN_BOOL_CONVERSION = YES;
				CLANG_WARN_CONSTANT_CONVERSION = YES;
				CLANG_WARN_DIRECT_OBJC_ISA_USAGE = YES_ERROR;
				CLANG_WARN_DOCUMENTATION_COMMENTS = YES;
				CLANG_WARN_EMPTY_BODY = YES;
				CLANG_WARN_ENUM_CONVERSION = YES;
				CLANG_WARN_INFINITE_RECURSION = YES;
				CLANG_WARN_INT_CONVERSION = YES;
				CLANG_WARN_OBJC_ROOT_CLASS = YES_ERROR;
				CLANG_WARN_SUSPICIOUS_MOVE = YES;
				CLANG_WARN_UNREACHABLE_CODE = YES;
				CLANG_WARN__DUPLICATE_METHOD_MATCH = YES;
				CODE_SIGN_IDENTITY = "-";
				COPY_PHASE_STRIP = NO;
				DEBUG_INFORMATION_FORMAT = "dwarf-with-dsym";
				ENABLE_NS_ASSERTIONS = NO;
				ENABLE_STRICT_OBJC_MSGSEND = YES;
				GCC_C_LANGUAGE_STANDARD = gnu99;
				GCC_NO_COMMON_BLOCKS = YES;
				GCC_WARN_64_TO_32_BIT_CONVERSION = YES;
				GCC_WARN_ABOUT_RETURN_TYPE = YES_ERROR;
				GCC_WARN_UNDECLARED_SELECTOR = YES;
				GCC_WARN_UNINITIALIZED_AUTOS = YES_AGGRESSIVE;
				GCC_WARN_UNUSED_FUNCTION = YES;
				GCC_WARN_UNUSED_VARIABLE = YES;
				MACOSX_DEPLOYMENT_TARGET = 10.12;
				MTL_ENABLE_DEBUG_INFO = NO;
				SDKROOT = macosx;
			};
			name = Release;
		};
		EA486F411EB23A21008A8A72 /* Debug */ = {
			isa = XCBuildConfiguration;
			buildSettings = {
				DEVELOPMENT_TEAM = 444HQ2KS6D;
				PRODUCT_NAME = "$(TARGET_NAME)";
			};
			name = Debug;
		};
		EA486F421EB23A21008A8A72 /* Release */ = {
			isa = XCBuildConfiguration;
			buildSettings = {
				DEVELOPMENT_TEAM = 444HQ2KS6D;
				PRODUCT_NAME = "$(TARGET_NAME)";
			};
			name = Release;
		};
/* End XCBuildConfiguration section */

/* Begin XCConfigurationList section */
		EA486F341EB23A21008A8A72 /* Build configuration list for PBXProject "EmulatorFileManager" */ = {
			isa = XCConfigurationList;
			buildConfigurations = (
				EA486F3E1EB23A21008A8A72 /* Debug */,
				EA486F3F1EB23A21008A8A72 /* Release */,
			);
			defaultConfigurationIsVisible = 0;
			defaultConfigurationName = Release;
		};
		EA486F401EB23A21008A8A72 /* Build configuration list for PBXNativeTarget "EmulatorFileManager" */ = {
			isa = XCConfigurationList;
			buildConfigurations = (
				EA486F411EB23A21008A8A72 /* Debug */,
				EA486F421EB23A21008A8A72 /* Release */,
			);
			defaultConfigurationIsVisible = 0;
			defaultConfigurationName = Release;
		};
/* End XCConfigurationList section */
	};
	rootObject = EA486F311EB23A21008A8A72 /* Project object */;
}
